PODS:
  - UIScrollView-InfiniteScrollSwift (0.1.0)

DEPENDENCIES:
  - UIScrollView-InfiniteScrollSwift (from `../`)

EXTERNAL SOURCES:
  UIScrollView-InfiniteScrollSwift:
    :path: "../"

SPEC CHECKSUMS:
  UIScrollView-InfiniteScrollSwift: a56258a3a78db44e0dff33f0c08458bec451c1ba

PODFILE CHECKSUM: 2cdde15e5d553c0461795cc0ab90affc1ad725d5

COCOAPODS: 1.10.2
