{
  "object": {
    "pins": [
      {
        "package": "UIScrollView-InfiniteScrollSwift",
        "repositoryURL": "https://github.com/nhatnuoc/UIScrollView-InfiniteScrollSwift.git",
        "state": {
          "branch": null,
          "revision": "5fe523c5da8555cc17a10b2a2734f55f7b281e83",
          "version": "0.1.2"
        }
      }
    ]
  },
  "version": 1
}
